{
  "name": "AngularNodeJSProject",
  "lockfileVersion": 3,
  "requires": true,
  "packages": {
    "": {
      "dependencies": {
        "@coreui/angular": "^4.7.15",
        "@coreui/icons": "^3.0.1"
      }
    },
    "node_modules/@angular/animations": {
      "version": "17.2.1",
      "resolved": "https://registry.npmjs.org/@angular/animations/-/animations-17.2.1.tgz",
      "integrity": "sha512-JCccG8EPM04OtN+Wayi79QnbkCYpKY69okWjEM7cPq8fbjIQE/ZAWxnzYMR/Xq3prwUtlH7LMyB5YdYCc6Ea1A==",
      "peer": true,
      "dependencies": {
        "tslib": "^2.3.0"
      },
      "engines": {
        "node": "^18.13.0 || >=20.9.0"
      },
      "peerDependencies": {
        "@angular/core": "17.2.1"
      }
    },
    "node_modules/@angular/cdk": {
      "version": "17.2.0",
      "resolved": "https://registry.npmjs.org/@angular/cdk/-/cdk-17.2.0.tgz",
      "integrity": "sha512-++qEQHzfUvccDw4IFimG9Ig7b4i9d64POUZ8H5cSflTiR3mBVZOlIhnRE/3PifYukoSetrkyedR8BDS6nwGxJQ==",
      "peer": true,
      "dependencies": {
        "tslib": "^2.3.0"
      },
      "optionalDependencies": {
        "parse5": "^7.1.2"
      },
      "peerDependencies": {
        "@angular/common": "^17.0.0 || ^18.0.0",
        "@angular/core": "^17.0.0 || ^18.0.0",
        "rxjs": "^6.5.3 || ^7.4.0"
      }
    },
    "node_modules/@angular/common": {
      "version": "17.2.1",
      "resolved": "https://registry.npmjs.org/@angular/common/-/common-17.2.1.tgz",
      "integrity": "sha512-ZkQwvjJhnqKulJn3kwbnodYvQf8g8hy2FUMB2MRLXKgwLPv9iqF/KRgSwcNIZnq8hyvIr6FmAntMdyCOonykDQ==",
      "peer": true,
      "dependencies": {
        "tslib": "^2.3.0"
      },
      "engines": {
        "node": "^18.13.0 || >=20.9.0"
      },
      "peerDependencies": {
        "@angular/core": "17.2.1",
        "rxjs": "^6.5.3 || ^7.4.0"
      }
    },
    "node_modules/@angular/core": {
      "version": "17.2.1",
      "resolved": "https://registry.npmjs.org/@angular/core/-/core-17.2.1.tgz",
      "integrity": "sha512-gfWeskXA8RA0D3WOPBV5wT8RpqtqFhB8OCR8diGfLojqbMrmZXEvxALBHKAgfarWcR1rnRgmjCQKejWLWCLmmg==",
      "peer": true,
      "dependencies": {
        "tslib": "^2.3.0"
      },
      "engines": {
        "node": "^18.13.0 || >=20.9.0"
      },
      "peerDependencies": {
        "rxjs": "^6.5.3 || ^7.4.0",
        "zone.js": "~0.14.0"
      }
    },
    "node_modules/@angular/platform-browser": {
      "version": "17.2.1",
      "resolved": "https://registry.npmjs.org/@angular/platform-browser/-/platform-browser-17.2.1.tgz",
      "integrity": "sha512-on+fTZiDTBJmRQbQe6GOClqaUFe4GJdLS1EbmI+6/8Ntv4QW2PowWnaxajoqTj2Zrh22J9DSNy7RWcrQDdyU3g==",
      "peer": true,
      "dependencies": {
        "tslib": "^2.3.0"
      },
      "engines": {
        "node": "^18.13.0 || >=20.9.0"
      },
      "peerDependencies": {
        "@angular/animations": "17.2.1",
        "@angular/common": "17.2.1",
        "@angular/core": "17.2.1"
      },
      "peerDependenciesMeta": {
        "@angular/animations": {
          "optional": true
        }
      }
    },
    "node_modules/@angular/router": {
      "version": "17.2.1",
      "resolved": "https://registry.npmjs.org/@angular/router/-/router-17.2.1.tgz",
      "integrity": "sha512-sJFraoPTHV09jZQV3XcFHRJsY7EAuXcBn5k+7GGye60YgTXAjL3OC++Cuv4AScFYRp+IqbrE3I0tflsRtQzemw==",
      "peer": true,
      "dependencies": {
        "tslib": "^2.3.0"
      },
      "engines": {
        "node": "^18.13.0 || >=20.9.0"
      },
      "peerDependencies": {
        "@angular/common": "17.2.1",
        "@angular/core": "17.2.1",
        "@angular/platform-browser": "17.2.1",
        "rxjs": "^6.5.3 || ^7.4.0"
      }
    },
    "node_modules/@coreui/angular": {
      "version": "4.7.15",
      "resolved": "https://registry.npmjs.org/@coreui/angular/-/angular-4.7.15.tgz",
      "integrity": "sha512-taTKV2aQ2XeSX9YCLF9/NCQosaSEHnsFM87LfegbTWYJUfl7FzZEnhDa4HBpQZBaXGw/J8aK4WVx2rjS5UOfjg==",
      "dependencies": {
        "@popperjs/core": "~2.11.6",
        "tslib": "^2.3.0"
      },
      "peerDependencies": {
        "@angular/animations": "^17.0.0",
        "@angular/cdk": "^17.0.0",
        "@angular/common": "^17.0.0",
        "@angular/core": "^17.0.0",
        "@angular/router": "^17.0.0",
        "rxjs": "^7.8.1"
      }
    },
    "node_modules/@coreui/icons": {
      "version": "3.0.1",
      "resolved": "https://registry.npmjs.org/@coreui/icons/-/icons-3.0.1.tgz",
      "integrity": "sha512-u9UKEcRMyY9pa4jUoLij8pAR03g5g6TLWV33/Mx2ix8sffyi0eO4fLV8DSTQljDCw938zt7KYog5cVKEAJUxxg=="
    },
    "node_modules/@popperjs/core": {
      "version": "2.11.8",
      "resolved": "https://registry.npmjs.org/@popperjs/core/-/core-2.11.8.tgz",
      "integrity": "sha512-P1st0aksCrn9sGZhp8GMYwBnQsbvAWsZAX44oXNNvLHGqAOcoVxmjZiohstwQ7SqKnbR47akdNi+uleWD8+g6A==",
      "funding": {
        "type": "opencollective",
        "url": "https://opencollective.com/popperjs"
      }
    },
    "node_modules/entities": {
      "version": "4.5.0",
      "resolved": "https://registry.npmjs.org/entities/-/entities-4.5.0.tgz",
      "integrity": "sha512-V0hjH4dGPh9Ao5p0MoRY6BVqtwCjhz6vI5LT8AJ55H+4g9/4vbHx1I54fS0XuclLhDHArPQCiMjDxjaL8fPxhw==",
      "optional": true,
      "peer": true,
      "engines": {
        "node": ">=0.12"
      },
      "funding": {
        "url": "https://github.com/fb55/entities?sponsor=1"
      }
    },
    "node_modules/parse5": {
      "version": "7.1.2",
      "resolved": "https://registry.npmjs.org/parse5/-/parse5-7.1.2.tgz",
      "integrity": "sha512-Czj1WaSVpaoj0wbhMzLmWD69anp2WH7FXMB9n1Sy8/ZFF9jolSQVMu1Ij5WIyGmcBmhk7EOndpO4mIpihVqAXw==",
      "optional": true,
      "peer": true,
      "dependencies": {
        "entities": "^4.4.0"
      },
      "funding": {
        "url": "https://github.com/inikulin/parse5?sponsor=1"
      }
    },
    "node_modules/rxjs": {
      "version": "7.8.1",
      "resolved": "https://registry.npmjs.org/rxjs/-/rxjs-7.8.1.tgz",
      "integrity": "sha512-AA3TVj+0A2iuIoQkWEK/tqFjBq2j+6PO6Y0zJcvzLAFhEFIO3HL0vls9hWLncZbAAbK0mar7oZ4V079I/qPMxg==",
      "peer": true,
      "dependencies": {
        "tslib": "^2.1.0"
      }
    },
    "node_modules/tslib": {
      "version": "2.6.2",
      "resolved": "https://registry.npmjs.org/tslib/-/tslib-2.6.2.tgz",
      "integrity": "sha512-AEYxH93jGFPn/a2iVAwW87VuUIkR1FVUKB77NwMF7nBTDkDrrT/Hpt/IrCJ0QXhW27jTBDcf5ZY7w6RiqTMw2Q=="
    },
    "node_modules/zone.js": {
      "version": "0.14.4",
      "resolved": "https://registry.npmjs.org/zone.js/-/zone.js-0.14.4.tgz",
      "integrity": "sha512-NtTUvIlNELez7Q1DzKVIFZBzNb646boQMgpATo9z3Ftuu/gWvzxCW7jdjcUDoRGxRikrhVHB/zLXh1hxeJawvw==",
      "peer": true,
      "dependencies": {
        "tslib": "^2.3.0"
      }
    }
  }
}
